
Microsoft Visual Studio Solution File, Format Version 12.00
# Visual Studio Version 16
VisualStudioVersion = 16.0.30517.126
MinimumVisualStudioVersion = 10.0.40219.1
Project("{8BC9CEB8-8B4A-11D0-8D11-00A0C91BC942}") = "DSA_01", "DSA_01.vcxproj", "{EF141858-C4A8-4CCD-A7E0-510B624BA2A4}"
EndProject
Global
	GlobalSection(SolutionConfigurationPlatforms) = preSolution
		Debug|x64 = Debug|x64
		Debug|x86 = Debug|x86
		Release|x64 = Release|x64
		Release|x86 = Release|x86
	EndGlobalSection
	GlobalSection(ProjectConfigurationPlatforms) = postSolution
		{EF141858-C4A8-4CCD-A7E0-510B624BA2A4}.Debug|x64.ActiveCfg = Debug|x64
		{EF141858-C4A8-4CCD-A7E0-510B624BA2A4}.Debug|x64.Build.0 = Debug|x64
		{EF141858-C4A8-4CCD-A7E0-510B624BA2A4}.Debug|x86.ActiveCfg = Debug|Win32
		{EF141858-C4A8-4CCD-A7E0-510B624BA2A4}.Debug|x86.Build.0 = Debug|Win32
		{EF141858-C4A8-4CCD-A7E0-510B624BA2A4}.Release|x64.ActiveCfg = Release|x64
		{EF141858-C4A8-4CCD-A7E0-510B624BA2A4}.Release|x64.Build.0 = Release|x64
		{EF141858-C4A8-4CCD-A7E0-510B624BA2A4}.Release|x86.ActiveCfg = Release|Win32
		{EF141858-C4A8-4CCD-A7E0-510B624BA2A4}.Release|x86.Build.0 = Release|Win32
	EndGlobalSection
	GlobalSection(SolutionProperties) = preSolution
		HideSolutionNode = FALSE
	EndGlobalSection
	GlobalSection(ExtensibilityGlobals) = postSolution
		SolutionGuid = {2C45455A-C14E-442B-A95F-A194B6D3330C}
	EndGlobalSection
EndGlobal
